
Microsoft Visual Studio Solution File, Format Version 12.00
# Visual Studio 15
VisualStudioVersion = 15.0.27703.2018
MinimumVisualStudioVersion = 10.0.40219.1
Project("{8BC9CEB8-8B4A-11D0-8D11-00A0C91BC942}") = "예제_2.1.1", "예제_2.1.1\예제_2.1.1.vcxproj", "{CDEAF368-B6D9-43DC-BDB6-2B06B51670AD}"
EndProject
Global
	GlobalSection(SolutionConfigurationPlatforms) = preSolution
		Debug|x64 = Debug|x64
		Debug|x86 = Debug|x86
		Release|x64 = Release|x64
		Release|x86 = Release|x86
	EndGlobalSection
	GlobalSection(ProjectConfigurationPlatforms) = postSolution
		{CDEAF368-B6D9-43DC-BDB6-2B06B51670AD}.Debug|x64.ActiveCfg = Debug|x64
		{CDEAF368-B6D9-43DC-BDB6-2B06B51670AD}.Debug|x64.Build.0 = Debug|x64
		{CDEAF368-B6D9-43DC-BDB6-2B06B51670AD}.Debug|x86.ActiveCfg = Debug|Win32
		{CDEAF368-B6D9-43DC-BDB6-2B06B51670AD}.Debug|x86.Build.0 = Debug|Win32
		{CDEAF368-B6D9-43DC-BDB6-2B06B51670AD}.Release|x64.ActiveCfg = Release|x64
		{CDEAF368-B6D9-43DC-BDB6-2B06B51670AD}.Release|x64.Build.0 = Release|x64
		{CDEAF368-B6D9-43DC-BDB6-2B06B51670AD}.Release|x86.ActiveCfg = Release|Win32
		{CDEAF368-B6D9-43DC-BDB6-2B06B51670AD}.Release|x86.Build.0 = Release|Win32
	EndGlobalSection
	GlobalSection(SolutionProperties) = preSolution
		HideSolutionNode = FALSE
	EndGlobalSection
	GlobalSection(ExtensibilityGlobals) = postSolution
		SolutionGuid = {FA38AF7F-9505-4DBD-B295-B309B3B48B2D}
	EndGlobalSection
EndGlobal
